
Microsoft Visual Studio Solution File, Format Version 12.00
# Visual Studio Version 17
VisualStudioVersion = 17.2.32602.215
MinimumVisualStudioVersion = 10.0.40219.1
Project("{FAE04EC0-301F-11D3-BF4B-00C04F79EFBC}") = "GSBCompta", "GSBCompta\GSBCompta.csproj", "{562A5303-B94C-4EBB-A3C5-CC07370F16E2}"
	ProjectSection(ProjectDependencies) = postProject
		{ADD2CEBB-A4DC-417B-9A0F-592A9E04C9C1} = {ADD2CEBB-A4DC-417B-9A0F-592A9E04C9C1}
	EndProjectSection
EndProject
Project("{FAE04EC0-301F-11D3-BF4B-00C04F79EFBC}") = "ConsoleTest", "ConsoleTest\ConsoleTest.csproj", "{F33D920D-D1C2-4469-9B88-F4F94213544C}"
	ProjectSection(ProjectDependencies) = postProject
		{ADD2CEBB-A4DC-417B-9A0F-592A9E04C9C1} = {ADD2CEBB-A4DC-417B-9A0F-592A9E04C9C1}
	EndProjectSection
EndProject
Project("{FAE04EC0-301F-11D3-BF4B-00C04F79EFBC}") = "GSBModel", "GSBModel\GSBModel.csproj", "{ADD2CEBB-A4DC-417B-9A0F-592A9E04C9C1}"
EndProject
Global
	GlobalSection(SolutionConfigurationPlatforms) = preSolution
		Debug|Any CPU = Debug|Any CPU
		Release|Any CPU = Release|Any CPU
	EndGlobalSection
	GlobalSection(ProjectConfigurationPlatforms) = postSolution
		{562A5303-B94C-4EBB-A3C5-CC07370F16E2}.Debug|Any CPU.ActiveCfg = Debug|Any CPU
		{562A5303-B94C-4EBB-A3C5-CC07370F16E2}.Debug|Any CPU.Build.0 = Debug|Any CPU
		{562A5303-B94C-4EBB-A3C5-CC07370F16E2}.Release|Any CPU.ActiveCfg = Release|Any CPU
		{562A5303-B94C-4EBB-A3C5-CC07370F16E2}.Release|Any CPU.Build.0 = Release|Any CPU
		{F33D920D-D1C2-4469-9B88-F4F94213544C}.Debug|Any CPU.ActiveCfg = Debug|Any CPU
		{F33D920D-D1C2-4469-9B88-F4F94213544C}.Debug|Any CPU.Build.0 = Debug|Any CPU
		{F33D920D-D1C2-4469-9B88-F4F94213544C}.Release|Any CPU.ActiveCfg = Release|Any CPU
		{F33D920D-D1C2-4469-9B88-F4F94213544C}.Release|Any CPU.Build.0 = Release|Any CPU
		{ADD2CEBB-A4DC-417B-9A0F-592A9E04C9C1}.Debug|Any CPU.ActiveCfg = Debug|Any CPU
		{ADD2CEBB-A4DC-417B-9A0F-592A9E04C9C1}.Debug|Any CPU.Build.0 = Debug|Any CPU
		{ADD2CEBB-A4DC-417B-9A0F-592A9E04C9C1}.Release|Any CPU.ActiveCfg = Release|Any CPU
		{ADD2CEBB-A4DC-417B-9A0F-592A9E04C9C1}.Release|Any CPU.Build.0 = Release|Any CPU
	EndGlobalSection
	GlobalSection(SolutionProperties) = preSolution
		HideSolutionNode = FALSE
	EndGlobalSection
	GlobalSection(ExtensibilityGlobals) = postSolution
		SolutionGuid = {0D65AD50-80D6-4270-AAD2-9F6A548515B8}
	EndGlobalSection
EndGlobal
